<Solution>
  <Folder Name="/Dependencies/">
    <Project Path="libs/Hermod/Hermod/Hermod.csproj" />
    <Project Path="libs/Hermod/HermodTests/HermodTests.csproj" />
    <Project Path="libs/Styx/Styx/Styx.csproj" />
    <Project Path="libs/Styx/StyxTests/StyxTests.csproj" />
  </Folder>
  <Folder Name="/samples/">
    <Project Path="samples/H3Get/H3Get.csproj" />
    <Project Path="samples/H3Server/H3Server.csproj" />
  </Folder>
  <Folder Name="/tests/">
    <Project Path="tests/h3attack/h3attack.csproj" />
    <Project Path="tests/h3bench/h3bench.csproj" />
    <Project Path="tests/h3interop/h3interop.csproj" />
    <Project Path="tests/h3semantics/h3semantics.csproj" />
  </Folder>
</Solution>
