<Solution>
  <Folder Name="/Dependencies/">
    <Project Path="libs/Hermod/Hermod/Hermod.csproj" />
    <Project Path="libs/Hermod/HermodTests/HermodTests.csproj" />
    <Project Path="libs/Styx/Styx/Styx.csproj" />
    <Project Path="libs/Styx/StyxTests/StyxTests.csproj" />
  </Folder>
  <Folder Name="/samples/">
    <Project Path="samples/H3Get/H3Get.csproj" />
    <Project Path="samples/H3Server/H3Server.csproj" />
  </Folder>
  <Folder Name="/src/">
    <Project Path="src/Http3.Qpack/Http3.Qpack.csproj" />
    <Project Path="src/Http3/Http3.csproj" />
  </Folder>
  <Folder Name="/tests/">
    <Project Path="tests/Http3.Tests/Http3.Tests.csproj" />
  </Folder>
</Solution>
